# THIS IS AN AUTOGENERATED FILE. DO NOT EDIT THIS FILE DIRECTLY.
# yarn lockfile v1


vanillajs-scrollspy@^2.0.3:
  version "2.0.3"
  resolved "https://registry.yarnpkg.com/vanillajs-scrollspy/-/vanillajs-scrollspy-2.0.3.tgz#8df4338a811e3a73c0e0a21b69918376732eb0cd"
  integrity sha512-LhliY3E/XOJFlEl0LKetpFYU/Tmm3xCxlDX57A7jgFWsmmZ3wTW5iOSyOdwKD7AmrJtRjlB/jWIl5VKrAXh1VQ==
